
Microsoft Visual Studio Solution File, Format Version 12.00
# Visual Studio Version 17
VisualStudioVersion = 17.0.32112.339
MinimumVisualStudioVersion = 10.0.40219.1
Project("{FAE04EC0-301F-11D3-BF4B-00C04F79EFBC}") = "true or false", "true or false\true or false.csproj", "{2EDBE56D-937C-4D54-ADF8-094ADD820164}"
EndProject
Global
	GlobalSection(SolutionConfigurationPlatforms) = preSolution
		Debug|Any CPU = Debug|Any CPU
		Release|Any CPU = Release|Any CPU
	EndGlobalSection
	GlobalSection(ProjectConfigurationPlatforms) = postSolution
		{2EDBE56D-937C-4D54-ADF8-094ADD820164}.Debug|Any CPU.ActiveCfg = Debug|Any CPU
		{2EDBE56D-937C-4D54-ADF8-094ADD820164}.Debug|Any CPU.Build.0 = Debug|Any CPU
		{2EDBE56D-937C-4D54-ADF8-094ADD820164}.Release|Any CPU.ActiveCfg = Release|Any CPU
		{2EDBE56D-937C-4D54-ADF8-094ADD820164}.Release|Any CPU.Build.0 = Release|Any CPU
	EndGlobalSection
	GlobalSection(SolutionProperties) = preSolution
		HideSolutionNode = FALSE
	EndGlobalSection
	GlobalSection(ExtensibilityGlobals) = postSolution
		SolutionGuid = {2DF9B430-6632-4FD9-99FB-15EB5BA23A2A}
	EndGlobalSection
EndGlobal
